
Microsoft Visual Studio Solution File, Format Version 12.00
# Visual Studio 15
VisualStudioVersion = 15.0.27004.2010
MinimumVisualStudioVersion = 10.0.40219.1
Project("{FAE04EC0-301F-11D3-BF4B-00C04F79EFBC}") = "FeaturesSamples", "FeaturesSamples\FeaturesSamples.csproj", "{DC5EC6FF-8435-41BC-9FD6-21AA4255AA7A}"
EndProject
Global
	GlobalSection(SolutionConfigurationPlatforms) = preSolution
		Debug|Any CPU = Debug|Any CPU
		Release|Any CPU = Release|Any CPU
	EndGlobalSection
	GlobalSection(ProjectConfigurationPlatforms) = postSolution
		{DC5EC6FF-8435-41BC-9FD6-21AA4255AA7A}.Debug|Any CPU.ActiveCfg = Debug|Any CPU
		{DC5EC6FF-8435-41BC-9FD6-21AA4255AA7A}.Debug|Any CPU.Build.0 = Debug|Any CPU
		{DC5EC6FF-8435-41BC-9FD6-21AA4255AA7A}.Release|Any CPU.ActiveCfg = Release|Any CPU
		{DC5EC6FF-8435-41BC-9FD6-21AA4255AA7A}.Release|Any CPU.Build.0 = Release|Any CPU
	EndGlobalSection
	GlobalSection(SolutionProperties) = preSolution
		HideSolutionNode = FALSE
	EndGlobalSection
	GlobalSection(ExtensibilityGlobals) = postSolution
		SolutionGuid = {72F68733-E18E-4B19-B497-F56617FD067D}
	EndGlobalSection
EndGlobal
